{
  "name": "haxe",
  "version": "1.0.0",
  "lockfileVersion": 3,
  "requires": true,
  "packages": {
    "": {
      "name": "haxe",
      "version": "1.0.0",
      "license": "ISC",
      "bin": {
        "haxe": "bin/example.js"
      }
    },
    "../..": {
      "version": "0.1.0",
      "extraneous": true,
      "license": "MIT",
      "devDependencies": {},
      "engines": {
        "node": ">=18.0.0"
      }
    }
  }
}
